{
  "version": 4,
  "terraform_version": "1.4.5",
  "serial": 7,
  "lineage": "5d6cea40-4823-bce9-6fab-2b6664a05dc7",
  "outputs": {
    "ecr-repo-url": {
      "value": "592358156562.dkr.ecr.us-east-1.amazonaws.com/clarusway/swarm-phonebook-p204",
      "type": "string"
    }
  },
  "resources": [
    {
      "mode": "data",
      "type": "aws_caller_identity",
      "name": "current",
      "provider": "provider[\"registry.terraform.io/hashicorp/aws\"]",
      "instances": [
        {
          "schema_version": 0,
          "attributes": {
            "account_id": "592358156562",
            "arn": "arn:aws:iam::592358156562:user/ihsan1",
            "id": "592358156562",
            "user_id": "AIDAYT22MFEJF2FJ5N4VE"
          },
          "sensitive_attributes": []
        }
      ]
    },
    {
      "mode": "data",
      "type": "aws_region",
      "name": "current",
      "provider": "provider[\"registry.terraform.io/hashicorp/aws\"]",
      "instances": [
        {
          "schema_version": 0,
          "attributes": {
            "description": "US East (N. Virginia)",
            "endpoint": "ec2.us-east-1.amazonaws.com",
            "id": "us-east-1",
            "name": "us-east-1"
          },
          "sensitive_attributes": []
        }
      ]
    },
    {
      "mode": "data",
      "type": "template_file",
      "name": "leader-userdata",
      "provider": "provider[\"registry.terraform.io/hashicorp/template\"]",
      "instances": [
        {
          "schema_version": 0,
          "attributes": {
            "filename": null,
            "id": "a63da1c7e3a4b03ecd69ab03a929cf9b2c8ec0f256dbb870cd5729551c329d89",
            "rendered": "    #! /bin/bash\r\n    yum update -y\r\n    hostnamectl set-hostname Leader-Manager\r\n    amazon-linux-extras install docker -y\r\n    systemctl start docker\r\n    systemctl enable docker\r\n    usermod -a -G docker ec2-user\r\n    curl -sL \"https://github.com/docker/compose/releases/download/v2.17.2/docker-compose-$(uname -s)-$(uname -m)\" -o /usr/local/bin/docker-compose\r\n    chmod +x /usr/local/bin/docker-compose\r\n    # uninstall aws cli version 1\r\n    rm -rf /bin/aws\r\n    curl \"https://awscli.amazonaws.com/awscli-exe-linux-x86_64.zip\" -o \"awscliv2.zip\"\r\n    unzip awscliv2.zip\r\n    ./aws/install\r\n    docker swarm init\r\n    aws ecr get-login-password --region us-east-1 | docker login --username AWS --password-stdin 592358156562.dkr.ecr.us-east-1.amazonaws.com/clarusway/swarm-phonebook-p204\r\n    docker service create \\\r\n    --name=viz \\\r\n    --publish=8080:8080/tcp \\\r\n    --constraint=node.role==manager \\\r\n    --mount=type=bind,src=/var/run/docker.sock,dst=/var/run/docker.sock \\\r\n    dockersamples/visualizer\r\n    yum install -y git\r\n    docker build --force-rm -t \"592358156562.dkr.ecr.us-east-1.amazonaws.com/clarusway/swarm-phonebook-p204:latest\" https://github.com/ihsanerturk/swarm-phonebook.git#main\r\n    docker push 592358156562.dkr.ecr.us-east-1.amazonaws.com/clarusway/swarm-phonebook-p204:latest\r\n    mkdir -p /home/ec2-user/swarm-phonebook\r\n    cd /home/ec2-user/swarm-phonebook \r\n    curl -o docker-compose.yml -L https://raw.githubusercontent.com/ihsanerturk/swarm-phonebook/main/docker-compose.yml\r\n    curl -o init.sql -L https://raw.githubusercontent.com/ihsanerturk/swarm-phonebook/main/init.sql\r\n    export ECR_REPO=592358156562.dkr.ecr.us-east-1.amazonaws.com/clarusway/swarm-phonebook-p204\r\n    envsubst \u003c docker-compose.yml \u003e docker-compose.yaml\r\n    docker stack deploy --with-registry-auth -c ./docker-compose.yaml swarm-phonebook\r\n",
            "template": "    #! /bin/bash\r\n    yum update -y\r\n    hostnamectl set-hostname Leader-Manager\r\n    amazon-linux-extras install docker -y\r\n    systemctl start docker\r\n    systemctl enable docker\r\n    usermod -a -G docker ec2-user\r\n    curl -sL \"https://github.com/docker/compose/releases/download/v2.17.2/docker-compose-$(uname -s)-$(uname -m)\" -o /usr/local/bin/docker-compose\r\n    chmod +x /usr/local/bin/docker-compose\r\n    # uninstall aws cli version 1\r\n    rm -rf /bin/aws\r\n    curl \"https://awscli.amazonaws.com/awscli-exe-linux-x86_64.zip\" -o \"awscliv2.zip\"\r\n    unzip awscliv2.zip\r\n    ./aws/install\r\n    docker swarm init\r\n    aws ecr get-login-password --region us-east-1 | docker login --username AWS --password-stdin 592358156562.dkr.ecr.us-east-1.amazonaws.com/clarusway/swarm-phonebook-p204\r\n    docker service create \\\r\n    --name=viz \\\r\n    --publish=8080:8080/tcp \\\r\n    --constraint=node.role==manager \\\r\n    --mount=type=bind,src=/var/run/docker.sock,dst=/var/run/docker.sock \\\r\n    dockersamples/visualizer\r\n    yum install -y git\r\n    docker build --force-rm -t \"592358156562.dkr.ecr.us-east-1.amazonaws.com/clarusway/swarm-phonebook-p204:latest\" https://github.com/ihsanerturk/swarm-phonebook.git#main\r\n    docker push 592358156562.dkr.ecr.us-east-1.amazonaws.com/clarusway/swarm-phonebook-p204:latest\r\n    mkdir -p /home/ec2-user/swarm-phonebook\r\n    cd /home/ec2-user/swarm-phonebook \r\n    curl -o docker-compose.yml -L https://raw.githubusercontent.com/ihsanerturk/swarm-phonebook/main/docker-compose.yml\r\n    curl -o init.sql -L https://raw.githubusercontent.com/ihsanerturk/swarm-phonebook/main/init.sql\r\n    export ECR_REPO=592358156562.dkr.ecr.us-east-1.amazonaws.com/clarusway/swarm-phonebook-p204\r\n    envsubst \u003c docker-compose.yml \u003e docker-compose.yaml\r\n    docker stack deploy --with-registry-auth -c ./docker-compose.yaml swarm-phonebook\r\n",
            "vars": null
          },
          "sensitive_attributes": []
        }
      ]
    },
    {
      "mode": "data",
      "type": "template_file",
      "name": "manager-userdata",
      "provider": "provider[\"registry.terraform.io/hashicorp/template\"]",
      "instances": []
    },
    {
      "mode": "data",
      "type": "template_file",
      "name": "worker-userdata",
      "provider": "provider[\"registry.terraform.io/hashicorp/template\"]",
      "instances": []
    },
    {
      "mode": "managed",
      "type": "aws_ecr_repository",
      "name": "ecr-repo",
      "provider": "provider[\"registry.terraform.io/hashicorp/aws\"]",
      "instances": [
        {
          "schema_version": 0,
          "attributes": {
            "arn": "arn:aws:ecr:us-east-1:592358156562:repository/clarusway/swarm-phonebook-p204",
            "encryption_configuration": [
              {
                "encryption_type": "AES256",
                "kms_key": ""
              }
            ],
            "force_delete": true,
            "id": "clarusway/swarm-phonebook-p204",
            "image_scanning_configuration": [
              {
                "scan_on_push": false
              }
            ],
            "image_tag_mutability": "MUTABLE",
            "name": "clarusway/swarm-phonebook-p204",
            "registry_id": "592358156562",
            "repository_url": "592358156562.dkr.ecr.us-east-1.amazonaws.com/clarusway/swarm-phonebook-p204",
            "tags": null,
            "tags_all": {},
            "timeouts": null
          },
          "sensitive_attributes": [],
          "private": "eyJlMmJmYjczMC1lY2FhLTExZTYtOGY4OC0zNDM2M2JjN2M0YzAiOnsiZGVsZXRlIjoxMjAwMDAwMDAwMDAwfX0="
        }
      ]
    },
    {
      "mode": "managed",
      "type": "aws_iam_instance_profile",
      "name": "swarm-profile",
      "provider": "provider[\"registry.terraform.io/hashicorp/aws\"]",
      "instances": [
        {
          "schema_version": 0,
          "attributes": {
            "arn": "arn:aws:iam::592358156562:instance-profile/swarm-profile-project-204",
            "create_date": "2023-04-19T11:00:55Z",
            "id": "swarm-profile-project-204",
            "name": "swarm-profile-project-204",
            "name_prefix": "",
            "path": "/",
            "role": "swarm-role-project-204",
            "tags": null,
            "tags_all": {},
            "unique_id": "AIPAYT22MFEJOBOXB4P47"
          },
          "sensitive_attributes": [],
          "private": "bnVsbA==",
          "dependencies": [
            "aws_iam_role.swarm-role",
            "data.aws_caller_identity.current",
            "data.aws_region.current"
          ]
        }
      ]
    },
    {
      "mode": "managed",
      "type": "aws_iam_role",
      "name": "swarm-role",
      "provider": "provider[\"registry.terraform.io/hashicorp/aws\"]",
      "instances": [
        {
          "schema_version": 0,
          "attributes": {
            "arn": "arn:aws:iam::592358156562:role/swarm-role-project-204",
            "assume_role_policy": "{\"Statement\":[{\"Action\":\"sts:AssumeRole\",\"Effect\":\"Allow\",\"Principal\":{\"Service\":\"ec2.amazonaws.com\"},\"Sid\":\"\"}],\"Version\":\"2012-10-17\"}",
            "create_date": "2023-04-19T11:00:53Z",
            "description": "",
            "force_detach_policies": false,
            "id": "swarm-role-project-204",
            "inline_policy": [
              {
                "name": "mssh_inline_policy",
                "policy": "{\"Version\":\"2012-10-17\",\"Statement\":[{\"Action\":\"ec2-instance-connect:SendSSHPublicKey\",\"Condition\":{\"StringEquals\":{\"ec2:osuser\":\"ec2-user\"}},\"Effect\":\"Allow\",\"Resource\":[\"arn:aws:ec2:us-east-1:592358156562:instance/*\"]},{\"Action\":\"ec2:DescribeInstances\",\"Effect\":\"Allow\",\"Resource\":\"*\"}]}"
              }
            ],
            "managed_policy_arns": [
              "arn:aws:iam::aws:policy/AmazonEC2ContainerRegistryFullAccess"
            ],
            "max_session_duration": 3600,
            "name": "swarm-role-project-204",
            "name_prefix": "",
            "path": "/",
            "permissions_boundary": null,
            "tags": null,
            "tags_all": {},
            "unique_id": "AROAYT22MFEJFQNOWAU7L"
          },
          "sensitive_attributes": [],
          "private": "bnVsbA==",
          "dependencies": [
            "data.aws_caller_identity.current",
            "data.aws_region.current"
          ]
        }
      ]
    },
    {
      "mode": "managed",
      "type": "aws_instance",
      "name": "instance-manager",
      "provider": "provider[\"registry.terraform.io/hashicorp/aws\"]",
      "instances": []
    },
    {
      "mode": "managed",
      "type": "aws_instance",
      "name": "instance-worker",
      "provider": "provider[\"registry.terraform.io/hashicorp/aws\"]",
      "instances": []
    },
    {
      "mode": "managed",
      "type": "aws_security_group",
      "name": "swarm-sec-grp",
      "provider": "provider[\"registry.terraform.io/hashicorp/aws\"]",
      "instances": [
        {
          "schema_version": 1,
          "attributes": {
            "arn": "arn:aws:ec2:us-east-1:592358156562:security-group/sg-0ca1ba62a9fb05b31",
            "description": "Managed by Terraform",
            "egress": [
              {
                "cidr_blocks": [
                  "0.0.0.0/0"
                ],
                "description": "",
                "from_port": 0,
                "ipv6_cidr_blocks": [],
                "prefix_list_ids": [],
                "protocol": "-1",
                "security_groups": [],
                "self": false,
                "to_port": 0
              }
            ],
            "id": "sg-0ca1ba62a9fb05b31",
            "ingress": [
              {
                "cidr_blocks": [
                  "0.0.0.0/0"
                ],
                "description": "",
                "from_port": 22,
                "ipv6_cidr_blocks": [],
                "prefix_list_ids": [],
                "protocol": "tcp",
                "security_groups": [],
                "self": false,
                "to_port": 22
              },
              {
                "cidr_blocks": [
                  "0.0.0.0/0"
                ],
                "description": "",
                "from_port": 2377,
                "ipv6_cidr_blocks": [],
                "prefix_list_ids": [],
                "protocol": "tcp",
                "security_groups": [],
                "self": false,
                "to_port": 2377
              },
              {
                "cidr_blocks": [
                  "0.0.0.0/0"
                ],
                "description": "",
                "from_port": 4789,
                "ipv6_cidr_blocks": [],
                "prefix_list_ids": [],
                "protocol": "udp",
                "security_groups": [],
                "self": false,
                "to_port": 4789
              },
              {
                "cidr_blocks": [
                  "0.0.0.0/0"
                ],
                "description": "",
                "from_port": 7946,
                "ipv6_cidr_blocks": [],
                "prefix_list_ids": [],
                "protocol": "tcp",
                "security_groups": [],
                "self": false,
                "to_port": 7946
              },
              {
                "cidr_blocks": [
                  "0.0.0.0/0"
                ],
                "description": "",
                "from_port": 7946,
                "ipv6_cidr_blocks": [],
                "prefix_list_ids": [],
                "protocol": "udp",
                "security_groups": [],
                "self": false,
                "to_port": 7946
              },
              {
                "cidr_blocks": [
                  "0.0.0.0/0"
                ],
                "description": "",
                "from_port": 8080,
                "ipv6_cidr_blocks": [],
                "prefix_list_ids": [],
                "protocol": "tcp",
                "security_groups": [],
                "self": false,
                "to_port": 8080
              },
              {
                "cidr_blocks": [
                  "0.0.0.0/0"
                ],
                "description": "",
                "from_port": 80,
                "ipv6_cidr_blocks": [],
                "prefix_list_ids": [],
                "protocol": "tcp",
                "security_groups": [],
                "self": false,
                "to_port": 80
              }
            ],
            "name": "docker-swarm-sec-grp-p204",
            "name_prefix": "",
            "owner_id": "592358156562",
            "revoke_rules_on_delete": false,
            "tags": null,
            "tags_all": {},
            "timeouts": null,
            "vpc_id": "vpc-0524e777efb860ff2"
          },
          "sensitive_attributes": [],
          "private": "eyJlMmJmYjczMC1lY2FhLTExZTYtOGY4OC0zNDM2M2JjN2M0YzAiOnsiY3JlYXRlIjo2MDAwMDAwMDAwMDAsImRlbGV0ZSI6OTAwMDAwMDAwMDAwfSwic2NoZW1hX3ZlcnNpb24iOiIxIn0="
        }
      ]
    }
  ],
  "check_results": null
}
